# THIS IS AN AUTOGENERATED FILE. DO NOT EDIT THIS FILE DIRECTLY.
# yarn lockfile v1


at-least-node@^1.0.0:
  version "1.0.0"
  resolved "https://registry.npm.taobao.org/at-least-node/download/at-least-node-1.0.0.tgz#602cd4b46e844ad4effc92a8011a3c46e0238dc2"
  integrity sha1-YCzUtG6EStTv/JKoARo8RuAjjcI=

atob@^2.1.2:
  version "2.1.2"
  resolved "https://registry.npm.taobao.org/atob/download/atob-2.1.2.tgz#6d9517eb9e030d2436666651e86bd9f6f13533c9"
  integrity sha1-bZUX654DDSQ2ZmZR6GvZ9vE1M8k=

bent@^7.3.12:
  version "7.3.12"
  resolved "https://registry.npm.taobao.org/bent/download/bent-7.3.12.tgz#e0a2775d4425e7674c64b78b242af4f49da6b035"
  integrity sha1-4KJ3XUQl52dMZLeLJCr09J2msDU=
  dependencies:
    bytesish "^0.4.1"
    caseless "~0.12.0"
    is-stream "^2.0.0"

bytesish@^0.4.1:
  version "0.4.4"
  resolved "https://registry.npm.taobao.org/bytesish/download/bytesish-0.4.4.tgz#f3b535a0f1153747427aee27256748cff92347e6"
  integrity sha1-87U1oPEVN0dCeu4nJWdIz/kjR+Y=

caseless@~0.12.0:
  version "0.12.0"
  resolved "https://registry.npm.taobao.org/caseless/download/caseless-0.12.0.tgz#1b681c21ff84033c826543090689420d187151dc"
  integrity sha1-G2gcIf+EAzyCZUMJBolCDRhxUdw=

fs-extra@^9.0.1:
  version "9.0.1"
  resolved "https://registry.npm.taobao.org/fs-extra/download/fs-extra-9.0.1.tgz?cache=0&sync_timestamp=1591229972229&other_urls=https%3A%2F%2Fregistry.npm.taobao.org%2Ffs-extra%2Fdownload%2Ffs-extra-9.0.1.tgz#910da0062437ba4c39fedd863f1675ccfefcb9fc"
  integrity sha1-kQ2gBiQ3ukw5/t2GPxZ1zP78ufw=
  dependencies:
    at-least-node "^1.0.0"
    graceful-fs "^4.2.0"
    jsonfile "^6.0.1"
    universalify "^1.0.0"

graceful-fs@^4.1.6, graceful-fs@^4.2.0:
  version "4.2.4"
  resolved "https://registry.npm.taobao.org/graceful-fs/download/graceful-fs-4.2.4.tgz#2256bde14d3632958c465ebc96dc467ca07a29fb"
  integrity sha1-Ila94U02MpWMRl68ltxGfKB6Kfs=

is-stream@^2.0.0:
  version "2.0.0"
  resolved "https://registry.npm.taobao.org/is-stream/download/is-stream-2.0.0.tgz#bde9c32680d6fae04129d6ac9d921ce7815f78e3"
  integrity sha1-venDJoDW+uBBKdasnZIc54FfeOM=

jsonfile@^6.0.1:
  version "6.1.0"
  resolved "https://registry.npm.taobao.org/jsonfile/download/jsonfile-6.1.0.tgz?cache=0&sync_timestamp=1604161797011&other_urls=https%3A%2F%2Fregistry.npm.taobao.org%2Fjsonfile%2Fdownload%2Fjsonfile-6.1.0.tgz#bc55b2634793c679ec6403094eb13698a6ec0aae"
  integrity sha1-vFWyY0eTxnnsZAMJTrE2mKbsCq4=
  dependencies:
    universalify "^2.0.0"
  optionalDependencies:
    graceful-fs "^4.1.6"

universalify@^1.0.0:
  version "1.0.0"
  resolved "https://registry.npm.taobao.org/universalify/download/universalify-1.0.0.tgz?cache=0&sync_timestamp=1603179967633&other_urls=https%3A%2F%2Fregistry.npm.taobao.org%2Funiversalify%2Fdownload%2Funiversalify-1.0.0.tgz#b61a1da173e8435b2fe3c67d29b9adf8594bd16d"
  integrity sha1-thodoXPoQ1sv48Z9Kbmt+FlL0W0=

universalify@^2.0.0:
  version "2.0.0"
  resolved "https://registry.npm.taobao.org/universalify/download/universalify-2.0.0.tgz?cache=0&sync_timestamp=1603179967633&other_urls=https%3A%2F%2Fregistry.npm.taobao.org%2Funiversalify%2Fdownload%2Funiversalify-2.0.0.tgz#75a4984efedc4b08975c5aeb73f530d02df25717"
  integrity sha1-daSYTv7cSwiXXFrrc/Uw0C3yVxc=
